
Microsoft Visual Studio Solution File, Format Version 12.00
# Visual Studio Version 16
VisualStudioVersion = 16.0.31410.357
MinimumVisualStudioVersion = 10.0.40219.1
Project("{FAE04EC0-301F-11D3-BF4B-00C04F79EFBC}") = "BookStore", "BookStore\BookStore.csproj", "{D3CFD8C5-0D1A-46C9-844B-460264CB4B5A}"
EndProject
Project("{FAE04EC0-301F-11D3-BF4B-00C04F79EFBC}") = "BookStoreDAL", "BookStoreDAL\BookStoreDAL.csproj", "{988D5239-8B72-4F32-8A08-3541722CF38D}"
EndProject
Project("{FAE04EC0-301F-11D3-BF4B-00C04F79EFBC}") = "BookStoreBL", "BookStoreBL\BookStoreBL.csproj", "{724FFFA1-0262-4800-9BBF-0FD1E470F9B5}"
EndProject
Global
	GlobalSection(SolutionConfigurationPlatforms) = preSolution
		Debug|Any CPU = Debug|Any CPU
		Release|Any CPU = Release|Any CPU
	EndGlobalSection
	GlobalSection(ProjectConfigurationPlatforms) = postSolution
		{D3CFD8C5-0D1A-46C9-844B-460264CB4B5A}.Debug|Any CPU.ActiveCfg = Debug|Any CPU
		{D3CFD8C5-0D1A-46C9-844B-460264CB4B5A}.Debug|Any CPU.Build.0 = Debug|Any CPU
		{D3CFD8C5-0D1A-46C9-844B-460264CB4B5A}.Release|Any CPU.ActiveCfg = Release|Any CPU
		{D3CFD8C5-0D1A-46C9-844B-460264CB4B5A}.Release|Any CPU.Build.0 = Release|Any CPU
		{988D5239-8B72-4F32-8A08-3541722CF38D}.Debug|Any CPU.ActiveCfg = Debug|Any CPU
		{988D5239-8B72-4F32-8A08-3541722CF38D}.Debug|Any CPU.Build.0 = Debug|Any CPU
		{988D5239-8B72-4F32-8A08-3541722CF38D}.Release|Any CPU.ActiveCfg = Release|Any CPU
		{988D5239-8B72-4F32-8A08-3541722CF38D}.Release|Any CPU.Build.0 = Release|Any CPU
		{724FFFA1-0262-4800-9BBF-0FD1E470F9B5}.Debug|Any CPU.ActiveCfg = Debug|Any CPU
		{724FFFA1-0262-4800-9BBF-0FD1E470F9B5}.Debug|Any CPU.Build.0 = Debug|Any CPU
		{724FFFA1-0262-4800-9BBF-0FD1E470F9B5}.Release|Any CPU.ActiveCfg = Release|Any CPU
		{724FFFA1-0262-4800-9BBF-0FD1E470F9B5}.Release|Any CPU.Build.0 = Release|Any CPU
	EndGlobalSection
	GlobalSection(SolutionProperties) = preSolution
		HideSolutionNode = FALSE
	EndGlobalSection
	GlobalSection(ExtensibilityGlobals) = postSolution
		SolutionGuid = {04290A33-37F3-4611-B4E7-6BAC38CFED3E}
	EndGlobalSection
EndGlobal
